
Microsoft Visual Studio Solution File, Format Version 12.00
# Visual Studio Version 17
VisualStudioVersion = 17.6.33717.318
MinimumVisualStudioVersion = 10.0.40219.1
Project("{FAE04EC0-301F-11D3-BF4B-00C04F79EFBC}") = "NimedeAPI2", "NimedeAPI2\NimedeAPI2.csproj", "{6AD24B08-BDF5-4C5E-9714-34DD81AFC34A}"
EndProject
Global
	GlobalSection(SolutionConfigurationPlatforms) = preSolution
		Debug|Any CPU = Debug|Any CPU
		Release|Any CPU = Release|Any CPU
	EndGlobalSection
	GlobalSection(ProjectConfigurationPlatforms) = postSolution
		{6AD24B08-BDF5-4C5E-9714-34DD81AFC34A}.Debug|Any CPU.ActiveCfg = Debug|Any CPU
		{6AD24B08-BDF5-4C5E-9714-34DD81AFC34A}.Debug|Any CPU.Build.0 = Debug|Any CPU
		{6AD24B08-BDF5-4C5E-9714-34DD81AFC34A}.Release|Any CPU.ActiveCfg = Release|Any CPU
		{6AD24B08-BDF5-4C5E-9714-34DD81AFC34A}.Release|Any CPU.Build.0 = Release|Any CPU
	EndGlobalSection
	GlobalSection(SolutionProperties) = preSolution
		HideSolutionNode = FALSE
	EndGlobalSection
	GlobalSection(ExtensibilityGlobals) = postSolution
		SolutionGuid = {5246D87D-1C18-4452-A625-DFDA86843B99}
	EndGlobalSection
EndGlobal
